
Microsoft Visual Studio Solution File, Format Version 12.00
# Visual Studio Version 16
VisualStudioVersion = 25.0.1703.0
MinimumVisualStudioVersion = 10.0.40219.1
Project("{FAE04EC0-301F-11D3-BF4B-00C04F79EFBC}") = "Play.Catalog.Service", "Play.Catalog.Service\Play.Catalog.Service.csproj", "{16582E77-EFFA-4250-95F3-8CA45480AE0B}"
EndProject
Global
	GlobalSection(SolutionConfigurationPlatforms) = preSolution
		Debug|Any CPU = Debug|Any CPU
		Release|Any CPU = Release|Any CPU
	EndGlobalSection
	GlobalSection(ProjectConfigurationPlatforms) = postSolution
		{16582E77-EFFA-4250-95F3-8CA45480AE0B}.Debug|Any CPU.ActiveCfg = Debug|Any CPU
		{16582E77-EFFA-4250-95F3-8CA45480AE0B}.Debug|Any CPU.Build.0 = Debug|Any CPU
		{16582E77-EFFA-4250-95F3-8CA45480AE0B}.Release|Any CPU.ActiveCfg = Release|Any CPU
		{16582E77-EFFA-4250-95F3-8CA45480AE0B}.Release|Any CPU.Build.0 = Release|Any CPU
	EndGlobalSection
	GlobalSection(SolutionProperties) = preSolution
		HideSolutionNode = FALSE
	EndGlobalSection
	GlobalSection(ExtensibilityGlobals) = postSolution
		SolutionGuid = {7FC18C26-3768-4B88-A9CD-694EB38785B6}
	EndGlobalSection
EndGlobal
